
Microsoft Visual Studio Solution File, Format Version 12.00
# Visual Studio 15
VisualStudioVersion = 15.0.26730.8
MinimumVisualStudioVersion = 10.0.40219.1
Project("{9A19103F-16F7-4668-BE54-9A1E7A4F7556}") = "TQL.Common", "TQL.Common\TQL.Common.csproj", "{CFAED496-76E0-4F27-9D16-B28FCC2637BE}"
EndProject
Project("{9A19103F-16F7-4668-BE54-9A1E7A4F7556}") = "TQL.Core", "TQL.Core\TQL.Core.csproj", "{E05C1DF2-ED14-4BEF-B1FB-A4FCCBF0312E}"
EndProject
Project("{9A19103F-16F7-4668-BE54-9A1E7A4F7556}") = "TQL.Interfaces", "TQL.Interfaces\TQL.Interfaces.csproj", "{61F64FDF-E01E-4425-B2EA-44EE3D144812}"
EndProject
Project("{9A19103F-16F7-4668-BE54-9A1E7A4F7556}") = "TQL.Threading", "TQL.Threading\TQL.Threading.csproj", "{0E2CFADE-396C-4534-B3F5-8DB92684DAED}"
EndProject
Project("{FAE04EC0-301F-11D3-BF4B-00C04F79EFBC}") = "TQL.Common.Tests", "TQL.Common.Tests\TQL.Common.Tests.csproj", "{E10E43C3-E66B-46A1-A526-6F06C5A036E6}"
EndProject
Global
	GlobalSection(SolutionConfigurationPlatforms) = preSolution
		Debug|Any CPU = Debug|Any CPU
		Release|Any CPU = Release|Any CPU
	EndGlobalSection
	GlobalSection(ProjectConfigurationPlatforms) = postSolution
		{CFAED496-76E0-4F27-9D16-B28FCC2637BE}.Debug|Any CPU.ActiveCfg = Debug|Any CPU
		{CFAED496-76E0-4F27-9D16-B28FCC2637BE}.Debug|Any CPU.Build.0 = Debug|Any CPU
		{CFAED496-76E0-4F27-9D16-B28FCC2637BE}.Release|Any CPU.ActiveCfg = Release|Any CPU
		{CFAED496-76E0-4F27-9D16-B28FCC2637BE}.Release|Any CPU.Build.0 = Release|Any CPU
		{E05C1DF2-ED14-4BEF-B1FB-A4FCCBF0312E}.Debug|Any CPU.ActiveCfg = Debug|Any CPU
		{E05C1DF2-ED14-4BEF-B1FB-A4FCCBF0312E}.Debug|Any CPU.Build.0 = Debug|Any CPU
		{E05C1DF2-ED14-4BEF-B1FB-A4FCCBF0312E}.Release|Any CPU.ActiveCfg = Release|Any CPU
		{E05C1DF2-ED14-4BEF-B1FB-A4FCCBF0312E}.Release|Any CPU.Build.0 = Release|Any CPU
		{61F64FDF-E01E-4425-B2EA-44EE3D144812}.Debug|Any CPU.ActiveCfg = Debug|Any CPU
		{61F64FDF-E01E-4425-B2EA-44EE3D144812}.Debug|Any CPU.Build.0 = Debug|Any CPU
		{61F64FDF-E01E-4425-B2EA-44EE3D144812}.Release|Any CPU.ActiveCfg = Release|Any CPU
		{61F64FDF-E01E-4425-B2EA-44EE3D144812}.Release|Any CPU.Build.0 = Release|Any CPU
		{0E2CFADE-396C-4534-B3F5-8DB92684DAED}.Debug|Any CPU.ActiveCfg = Debug|Any CPU
		{0E2CFADE-396C-4534-B3F5-8DB92684DAED}.Debug|Any CPU.Build.0 = Debug|Any CPU
		{0E2CFADE-396C-4534-B3F5-8DB92684DAED}.Release|Any CPU.ActiveCfg = Release|Any CPU
		{0E2CFADE-396C-4534-B3F5-8DB92684DAED}.Release|Any CPU.Build.0 = Release|Any CPU
		{E10E43C3-E66B-46A1-A526-6F06C5A036E6}.Debug|Any CPU.ActiveCfg = Debug|Any CPU
		{E10E43C3-E66B-46A1-A526-6F06C5A036E6}.Debug|Any CPU.Build.0 = Debug|Any CPU
		{E10E43C3-E66B-46A1-A526-6F06C5A036E6}.Release|Any CPU.ActiveCfg = Release|Any CPU
		{E10E43C3-E66B-46A1-A526-6F06C5A036E6}.Release|Any CPU.Build.0 = Release|Any CPU
	EndGlobalSection
	GlobalSection(SolutionProperties) = preSolution
		HideSolutionNode = FALSE
	EndGlobalSection
	GlobalSection(ExtensibilityGlobals) = postSolution
		SolutionGuid = {EB8A71A9-D43E-444F-B19A-CA16421E3B24}
	EndGlobalSection
EndGlobal
